{
  "name": "ikuradon",
  "version": "0.1.0",
  "lockfileVersion": 1,
  "dependencies": {
    "linkify-it": {
      "version": "1.2.4",
      "resolved": "https://registry.npmjs.org/linkify-it/-/linkify-it-1.2.4.tgz",
      "integrity": "sha1-B3NSbDF8j9E71TTuHRgP+Iq/iBo="
    },
    "react-native-hyperlink": {
      "version": "0.0.9",
      "resolved": "https://registry.npmjs.org/react-native-hyperlink/-/react-native-hyperlink-0.0.9.tgz",
      "integrity": "sha1-MAPsVOui5LjG90gNHts1dGzT0Tk="
    },
    "uc.micro": {
      "version": "1.0.3",
      "resolved": "https://registry.npmjs.org/uc.micro/-/uc.micro-1.0.3.tgz",
      "integrity": "sha1-ftUNXg+an7ClczeSWfKndFjVAZI="
    }
  }
}
